// !$*UTF8*$!
{
	archiveVersion = 1;
	classes = {
	};
	objectVersion = 46;
	objects = {

/* Begin PBXBuildFile section */
		7E92134A1DBBC25D0022AAA4 /* AppDelegate.swift in Sources */ = {isa = PBXBuildFile; fileRef = 7E9213491DBBC25D0022AAA4 /* AppDelegate.swift */; };
		7E92134C1DBBC25D0022AAA4 /* MainViewController.swift in Sources */ = {isa = PBXBuildFile; fileRef = 7E92134B1DBBC25D0022AAA4 /* MainViewController.swift */; };
		7E92134F1DBBC25D0022AAA4 /* Main.storyboard in Resources */ = {isa = PBXBuildFile; fileRef = 7E92134D1DBBC25D0022AAA4 /* Main.storyboard */; };
		7E9213511DBBC25D0022AAA4 /* Assets.xcassets in Resources */ = {isa = PBXBuildFile; fileRef = 7E9213501DBBC25D0022AAA4 /* Assets.xcassets */; };
		7E9213541DBBC25D0022AAA4 /* LaunchScreen.storyboard in Resources */ = {isa = PBXBuildFile; fileRef = 7E9213521DBBC25D0022AAA4 /* LaunchScreen.storyboard */; };
		7EC40A3F1DBBCE1D00CAA547 /* gears.png in Resources */ = {isa = PBXBuildFile; fileRef = 7EC40A3D1DBBCE1D00CAA547 /* gears.png */; };
		7EC40A401DBBCE1D00CAA547 /* gears@2x.png in Resources */ = {isa = PBXBuildFile; fileRef = 7EC40A3E1DBBCE1D00CAA547 /* gears@2x.png */; };
		7EC40A4B1DBBD18C00CAA547 /* SettingsViewController.swift in Sources */ = {isa = PBXBuildFile; fileRef = 7EC40A4A1DBBD18C00CAA547 /* SettingsViewController.swift */; };
		D060303E234038C30073F475 /* IntentHandler.swift in Sources */ = {isa = PBXBuildFile; fileRef = D060303D234038C30073F475 /* IntentHandler.swift */; };
		D0603042234038C30073F475 /* GarageIntent.appex in Embed App Extensions */ = {isa = PBXBuildFile; fileRef = D060303B234038C30073F475 /* GarageIntent.appex */; settings = {ATTRIBUTES = (RemoveHeadersOnCopy, ); }; };
		D0603048234038D60073F475 /* Intents.intentdefinition in Sources */ = {isa = PBXBuildFile; fileRef = D0603047234038D60073F475 /* Intents.intentdefinition */; };
		D060304A234039A80073F475 /* GarageIntentHandler.swift in Sources */ = {isa = PBXBuildFile; fileRef = D0603049234039A80073F475 /* GarageIntentHandler.swift */; };
		D060304B23403A420073F475 /* Intents.intentdefinition in Sources */ = {isa = PBXBuildFile; fileRef = D0603047234038D60073F475 /* Intents.intentdefinition */; };
		D060304C23403AA90073F475 /* GarageIntentHandler.swift in Sources */ = {isa = PBXBuildFile; fileRef = D0603049234039A80073F475 /* GarageIntentHandler.swift */; };
		D0916AA8234192130069689F /* garagewatch WatchKit App.app in Embed Watch Content */ = {isa = PBXBuildFile; fileRef = D0916AA7234192130069689F /* garagewatch WatchKit App.app */; settings = {ATTRIBUTES = (RemoveHeadersOnCopy, ); }; };
		D0916AAE234192130069689F /* Interface.storyboard in Resources */ = {isa = PBXBuildFile; fileRef = D0916AAC234192130069689F /* Interface.storyboard */; };
		D0916AB0234192140069689F /* Assets.xcassets in Resources */ = {isa = PBXBuildFile; fileRef = D0916AAF234192140069689F /* Assets.xcassets */; };
		D0916AB7234192140069689F /* garagewatch WatchKit Extension.appex in Embed App Extensions */ = {isa = PBXBuildFile; fileRef = D0916AB6234192140069689F /* garagewatch WatchKit Extension.appex */; settings = {ATTRIBUTES = (RemoveHeadersOnCopy, ); }; };
		D0916ABC234192140069689F /* ContentView.swift in Sources */ = {isa = PBXBuildFile; fileRef = D0916ABB234192140069689F /* ContentView.swift */; };
		D0916ABE234192140069689F /* HostingController.swift in Sources */ = {isa = PBXBuildFile; fileRef = D0916ABD234192140069689F /* HostingController.swift */; };
		D0916AC0234192140069689F /* ExtensionDelegate.swift in Sources */ = {isa = PBXBuildFile; fileRef = D0916ABF234192140069689F /* ExtensionDelegate.swift */; };
		D0916AC2234192150069689F /* Assets.xcassets in Resources */ = {isa = PBXBuildFile; fileRef = D0916AC1234192150069689F /* Assets.xcassets */; };
		D0916AC5234192150069689F /* Preview Assets.xcassets in Resources */ = {isa = PBXBuildFile; fileRef = D0916AC4234192150069689F /* Preview Assets.xcassets */; };
		D0916AD2234192E40069689F /* GarageAPI.swift in Sources */ = {isa = PBXBuildFile; fileRef = D0C53FD922342C6700E72901 /* GarageAPI.swift */; };
		D0A70C5423412CC9007F7610 /* GarageAPI.swift in Sources */ = {isa = PBXBuildFile; fileRef = D0C53FD922342C6700E72901 /* GarageAPI.swift */; };
		D0C53FDA22342C6700E72901 /* GarageAPI.swift in Sources */ = {isa = PBXBuildFile; fileRef = D0C53FD922342C6700E72901 /* GarageAPI.swift */; };
/* End PBXBuildFile section */

/* Begin PBXContainerItemProxy section */
		D0603040234038C30073F475 /* PBXContainerItemProxy */ = {
			isa = PBXContainerItemProxy;
			containerPortal = 7E92133E1DBBC25C0022AAA4 /* Project object */;
			proxyType = 1;
			remoteGlobalIDString = D060303A234038C30073F475;
			remoteInfo = GarageIntent;
		};
		D0916AA9234192130069689F /* PBXContainerItemProxy */ = {
			isa = PBXContainerItemProxy;
			containerPortal = 7E92133E1DBBC25C0022AAA4 /* Project object */;
			proxyType = 1;
			remoteGlobalIDString = D0916AA6234192130069689F;
			remoteInfo = "garagewatch WatchKit App";
		};
		D0916AB8234192140069689F /* PBXContainerItemProxy */ = {
			isa = PBXContainerItemProxy;
			containerPortal = 7E92133E1DBBC25C0022AAA4 /* Project object */;
			proxyType = 1;
			remoteGlobalIDString = D0916AB5234192140069689F;
			remoteInfo = "garagewatch WatchKit Extension";
		};
/* End PBXContainerItemProxy section */

/* Begin PBXCopyFilesBuildPhase section */
		D0603043234038C30073F475 /* Embed App Extensions */ = {
			isa = PBXCopyFilesBuildPhase;
			buildActionMask = 2147483647;
			dstPath = "";
			dstSubfolderSpec = 13;
			files = (
				D0603042234038C30073F475 /* GarageIntent.appex in Embed App Extensions */,
			);
			name = "Embed App Extensions";
			runOnlyForDeploymentPostprocessing = 0;
		};
		D0916ACA234192150069689F /* Embed App Extensions */ = {
			isa = PBXCopyFilesBuildPhase;
			buildActionMask = 2147483647;
			dstPath = "";
			dstSubfolderSpec = 13;
			files = (
				D0916AB7234192140069689F /* garagewatch WatchKit Extension.appex in Embed App Extensions */,
			);
			name = "Embed App Extensions";
			runOnlyForDeploymentPostprocessing = 0;
		};
		D0916ACE234192150069689F /* Embed Watch Content */ = {
			isa = PBXCopyFilesBuildPhase;
			buildActionMask = 2147483647;
			dstPath = "$(CONTENTS_FOLDER_PATH)/Watch";
			dstSubfolderSpec = 16;
			files = (
				D0916AA8234192130069689F /* garagewatch WatchKit App.app in Embed Watch Content */,
			);
			name = "Embed Watch Content";
			runOnlyForDeploymentPostprocessing = 0;
		};
		D0C53FD822342AAD00E72901 /* Embed Watch Content */ = {
			isa = PBXCopyFilesBuildPhase;
			buildActionMask = 2147483647;
			dstPath = "$(CONTENTS_FOLDER_PATH)/Watch";
			dstSubfolderSpec = 16;
			files = (
			);
			name = "Embed Watch Content";
			runOnlyForDeploymentPostprocessing = 0;
		};
/* End PBXCopyFilesBuildPhase section */

/* Begin PBXFileReference section */
		7E8E0C481DBBEDBC004EE04E /* GRGE-Bridging-Header.h */ = {isa = PBXFileReference; fileEncoding = 4; lastKnownFileType = sourcecode.c.h; path = "GRGE-Bridging-Header.h"; sourceTree = "<group>"; };
		7E9213461DBBC25D0022AAA4 /* garage.app */ = {isa = PBXFileReference; explicitFileType = wrapper.application; includeInIndex = 0; path = garage.app; sourceTree = BUILT_PRODUCTS_DIR; };
		7E9213491DBBC25D0022AAA4 /* AppDelegate.swift */ = {isa = PBXFileReference; lastKnownFileType = sourcecode.swift; path = AppDelegate.swift; sourceTree = "<group>"; };
		7E92134B1DBBC25D0022AAA4 /* MainViewController.swift */ = {isa = PBXFileReference; lastKnownFileType = sourcecode.swift; path = MainViewController.swift; sourceTree = "<group>"; };
		7E92134E1DBBC25D0022AAA4 /* Base */ = {isa = PBXFileReference; lastKnownFileType = file.storyboard; name = Base; path = Base.lproj/Main.storyboard; sourceTree = "<group>"; };
		7E9213501DBBC25D0022AAA4 /* Assets.xcassets */ = {isa = PBXFileReference; lastKnownFileType = folder.assetcatalog; path = Assets.xcassets; sourceTree = "<group>"; };
		7E9213531DBBC25D0022AAA4 /* Base */ = {isa = PBXFileReference; lastKnownFileType = file.storyboard; name = Base; path = Base.lproj/LaunchScreen.storyboard; sourceTree = "<group>"; };
		7E9213551DBBC25D0022AAA4 /* Info.plist */ = {isa = PBXFileReference; lastKnownFileType = text.plist.xml; path = Info.plist; sourceTree = "<group>"; };
		7EC40A3D1DBBCE1D00CAA547 /* gears.png */ = {isa = PBXFileReference; lastKnownFileType = image.png; path = gears.png; sourceTree = "<group>"; };
		7EC40A3E1DBBCE1D00CAA547 /* gears@2x.png */ = {isa = PBXFileReference; lastKnownFileType = image.png; path = "gears@2x.png"; sourceTree = "<group>"; };
		7EC40A4A1DBBD18C00CAA547 /* SettingsViewController.swift */ = {isa = PBXFileReference; fileEncoding = 4; lastKnownFileType = sourcecode.swift; path = SettingsViewController.swift; sourceTree = "<group>"; };
		D060303B234038C30073F475 /* GarageIntent.appex */ = {isa = PBXFileReference; explicitFileType = "wrapper.app-extension"; includeInIndex = 0; path = GarageIntent.appex; sourceTree = BUILT_PRODUCTS_DIR; };
		D060303D234038C30073F475 /* IntentHandler.swift */ = {isa = PBXFileReference; lastKnownFileType = sourcecode.swift; path = IntentHandler.swift; sourceTree = "<group>"; };
		D060303F234038C30073F475 /* Info.plist */ = {isa = PBXFileReference; lastKnownFileType = text.plist.xml; path = Info.plist; sourceTree = "<group>"; };
		D0603047234038D60073F475 /* Intents.intentdefinition */ = {isa = PBXFileReference; lastKnownFileType = file.intentdefinition; path = Intents.intentdefinition; sourceTree = "<group>"; };
		D0603049234039A80073F475 /* GarageIntentHandler.swift */ = {isa = PBXFileReference; lastKnownFileType = sourcecode.swift; path = GarageIntentHandler.swift; sourceTree = "<group>"; };
		D0916AA4234192120069689F /* garagewatch.app */ = {isa = PBXFileReference; explicitFileType = wrapper.application; includeInIndex = 0; path = garagewatch.app; sourceTree = BUILT_PRODUCTS_DIR; };
		D0916AA7234192130069689F /* garagewatch WatchKit App.app */ = {isa = PBXFileReference; explicitFileType = wrapper.application; includeInIndex = 0; path = "garagewatch WatchKit App.app"; sourceTree = BUILT_PRODUCTS_DIR; };
		D0916AAD234192130069689F /* Base */ = {isa = PBXFileReference; lastKnownFileType = file.storyboard; name = Base; path = Base.lproj/Interface.storyboard; sourceTree = "<group>"; };
		D0916AAF234192140069689F /* Assets.xcassets */ = {isa = PBXFileReference; lastKnownFileType = folder.assetcatalog; path = Assets.xcassets; sourceTree = "<group>"; };
		D0916AB1234192140069689F /* Info.plist */ = {isa = PBXFileReference; lastKnownFileType = text.plist.xml; path = Info.plist; sourceTree = "<group>"; };
		D0916AB6234192140069689F /* garagewatch WatchKit Extension.appex */ = {isa = PBXFileReference; explicitFileType = "wrapper.app-extension"; includeInIndex = 0; path = "garagewatch WatchKit Extension.appex"; sourceTree = BUILT_PRODUCTS_DIR; };
		D0916ABB234192140069689F /* ContentView.swift */ = {isa = PBXFileReference; lastKnownFileType = sourcecode.swift; path = ContentView.swift; sourceTree = "<group>"; };
		D0916ABD234192140069689F /* HostingController.swift */ = {isa = PBXFileReference; lastKnownFileType = sourcecode.swift; path = HostingController.swift; sourceTree = "<group>"; };
		D0916ABF234192140069689F /* ExtensionDelegate.swift */ = {isa = PBXFileReference; lastKnownFileType = sourcecode.swift; path = ExtensionDelegate.swift; sourceTree = "<group>"; };
		D0916AC1234192150069689F /* Assets.xcassets */ = {isa = PBXFileReference; lastKnownFileType = folder.assetcatalog; path = Assets.xcassets; sourceTree = "<group>"; };
		D0916AC4234192150069689F /* Preview Assets.xcassets */ = {isa = PBXFileReference; lastKnownFileType = folder.assetcatalog; path = "Preview Assets.xcassets"; sourceTree = "<group>"; };
		D0916AC6234192150069689F /* Info.plist */ = {isa = PBXFileReference; lastKnownFileType = text.plist.xml; path = Info.plist; sourceTree = "<group>"; };
		D0A70C5523413CDE007F7610 /* GarageIntent.entitlements */ = {isa = PBXFileReference; lastKnownFileType = text.plist.entitlements; path = GarageIntent.entitlements; sourceTree = "<group>"; };
		D0B1EF2F2170098D00079E66 /* garage.entitlements */ = {isa = PBXFileReference; lastKnownFileType = text.plist.entitlements; path = garage.entitlements; sourceTree = "<group>"; };
		D0C53FB622342AAC00E72901 /* Base */ = {isa = PBXFileReference; lastKnownFileType = file.storyboard; name = Base; path = Base.lproj/Interface.storyboard; sourceTree = "<group>"; };
		D0C53FB822342AAD00E72901 /* Assets.xcassets */ = {isa = PBXFileReference; lastKnownFileType = folder.assetcatalog; path = Assets.xcassets; sourceTree = "<group>"; };
		D0C53FBA22342AAD00E72901 /* Info.plist */ = {isa = PBXFileReference; lastKnownFileType = text.plist.xml; path = Info.plist; sourceTree = "<group>"; };
		D0C53FC422342AAD00E72901 /* InterfaceController.swift */ = {isa = PBXFileReference; lastKnownFileType = sourcecode.swift; path = InterfaceController.swift; sourceTree = "<group>"; };
		D0C53FC622342AAD00E72901 /* ExtensionDelegate.swift */ = {isa = PBXFileReference; lastKnownFileType = sourcecode.swift; path = ExtensionDelegate.swift; sourceTree = "<group>"; };
		D0C53FC822342AAD00E72901 /* NotificationController.swift */ = {isa = PBXFileReference; lastKnownFileType = sourcecode.swift; path = NotificationController.swift; sourceTree = "<group>"; };
		D0C53FCA22342AAD00E72901 /* Assets.xcassets */ = {isa = PBXFileReference; lastKnownFileType = folder.assetcatalog; path = Assets.xcassets; sourceTree = "<group>"; };
		D0C53FCC22342AAD00E72901 /* Info.plist */ = {isa = PBXFileReference; lastKnownFileType = text.plist.xml; path = Info.plist; sourceTree = "<group>"; };
		D0C53FCD22342AAD00E72901 /* PushNotificationPayload.apns */ = {isa = PBXFileReference; lastKnownFileType = text; path = PushNotificationPayload.apns; sourceTree = "<group>"; };
		D0C53FD922342C6700E72901 /* GarageAPI.swift */ = {isa = PBXFileReference; lastKnownFileType = sourcecode.swift; path = GarageAPI.swift; sourceTree = "<group>"; };
/* End PBXFileReference section */

/* Begin PBXFrameworksBuildPhase section */
		7E9213431DBBC25C0022AAA4 /* Frameworks */ = {
			isa = PBXFrameworksBuildPhase;
			buildActionMask = 2147483647;
			files = (
			);
			runOnlyForDeploymentPostprocessing = 0;
		};
		D0603038234038C30073F475 /* Frameworks */ = {
			isa = PBXFrameworksBuildPhase;
			buildActionMask = 2147483647;
			files = (
			);
			runOnlyForDeploymentPostprocessing = 0;
		};
		D0916AB3234192140069689F /* Frameworks */ = {
			isa = PBXFrameworksBuildPhase;
			buildActionMask = 2147483647;
			files = (
			);
			runOnlyForDeploymentPostprocessing = 0;
		};
/* End PBXFrameworksBuildPhase section */

/* Begin PBXGroup section */
		7E92133D1DBBC25C0022AAA4 = {
			isa = PBXGroup;
			children = (
				D0B1EF2F2170098D00079E66 /* garage.entitlements */,
				7E9213481DBBC25D0022AAA4 /* GRGE */,
				D0C53FB422342AAC00E72901 /* watch */,
				D0C53FC322342AAD00E72901 /* watch Extension */,
				D060303C234038C30073F475 /* GarageIntent */,
				D0916AAB234192130069689F /* garagewatch WatchKit App */,
				D0916ABA234192140069689F /* garagewatch WatchKit Extension */,
				7E9213471DBBC25D0022AAA4 /* Products */,
				D0C53FE22234842300E72901 /* Frameworks */,
			);
			sourceTree = "<group>";
		};
		7E9213471DBBC25D0022AAA4 /* Products */ = {
			isa = PBXGroup;
			children = (
				7E9213461DBBC25D0022AAA4 /* garage.app */,
				D060303B234038C30073F475 /* GarageIntent.appex */,
				D0916AA4234192120069689F /* garagewatch.app */,
				D0916AA7234192130069689F /* garagewatch WatchKit App.app */,
				D0916AB6234192140069689F /* garagewatch WatchKit Extension.appex */,
			);
			name = Products;
			sourceTree = "<group>";
		};
		7E9213481DBBC25D0022AAA4 /* GRGE */ = {
			isa = PBXGroup;
			children = (
				7E9213491DBBC25D0022AAA4 /* AppDelegate.swift */,
				7E92134B1DBBC25D0022AAA4 /* MainViewController.swift */,
				D0C53FD922342C6700E72901 /* GarageAPI.swift */,
				7EC40A4A1DBBD18C00CAA547 /* SettingsViewController.swift */,
				7E92134D1DBBC25D0022AAA4 /* Main.storyboard */,
				7E9213501DBBC25D0022AAA4 /* Assets.xcassets */,
				7E9213521DBBC25D0022AAA4 /* LaunchScreen.storyboard */,
				7E9213551DBBC25D0022AAA4 /* Info.plist */,
				7EC40A451DBBCEA400CAA547 /* Images */,
				7E8E0C481DBBEDBC004EE04E /* GRGE-Bridging-Header.h */,
			);
			path = GRGE;
			sourceTree = "<group>";
		};
		7EC40A451DBBCEA400CAA547 /* Images */ = {
			isa = PBXGroup;
			children = (
				7EC40A3D1DBBCE1D00CAA547 /* gears.png */,
				7EC40A3E1DBBCE1D00CAA547 /* gears@2x.png */,
			);
			name = Images;
			sourceTree = "<group>";
		};
		D060303C234038C30073F475 /* GarageIntent */ = {
			isa = PBXGroup;
			children = (
				D0A70C5523413CDE007F7610 /* GarageIntent.entitlements */,
				D060303D234038C30073F475 /* IntentHandler.swift */,
				D0603049234039A80073F475 /* GarageIntentHandler.swift */,
				D0603047234038D60073F475 /* Intents.intentdefinition */,
				D060303F234038C30073F475 /* Info.plist */,
			);
			path = GarageIntent;
			sourceTree = "<group>";
		};
		D0916AAB234192130069689F /* garagewatch WatchKit App */ = {
			isa = PBXGroup;
			children = (
				D0916AAC234192130069689F /* Interface.storyboard */,
				D0916AAF234192140069689F /* Assets.xcassets */,
				D0916AB1234192140069689F /* Info.plist */,
			);
			path = "garagewatch WatchKit App";
			sourceTree = "<group>";
		};
		D0916ABA234192140069689F /* garagewatch WatchKit Extension */ = {
			isa = PBXGroup;
			children = (
				D0916ABB234192140069689F /* ContentView.swift */,
				D0916ABD234192140069689F /* HostingController.swift */,
				D0916ABF234192140069689F /* ExtensionDelegate.swift */,
				D0916AC1234192150069689F /* Assets.xcassets */,
				D0916AC6234192150069689F /* Info.plist */,
				D0916AC3234192150069689F /* Preview Content */,
			);
			path = "garagewatch WatchKit Extension";
			sourceTree = "<group>";
		};
		D0916AC3234192150069689F /* Preview Content */ = {
			isa = PBXGroup;
			children = (
				D0916AC4234192150069689F /* Preview Assets.xcassets */,
			);
			path = "Preview Content";
			sourceTree = "<group>";
		};
		D0C53FB422342AAC00E72901 /* watch */ = {
			isa = PBXGroup;
			children = (
				D0C53FB522342AAC00E72901 /* Interface.storyboard */,
				D0C53FB822342AAD00E72901 /* Assets.xcassets */,
				D0C53FBA22342AAD00E72901 /* Info.plist */,
			);
			path = watch;
			sourceTree = "<group>";
		};
		D0C53FC322342AAD00E72901 /* watch Extension */ = {
			isa = PBXGroup;
			children = (
				D0C53FC422342AAD00E72901 /* InterfaceController.swift */,
				D0C53FC622342AAD00E72901 /* ExtensionDelegate.swift */,
				D0C53FC822342AAD00E72901 /* NotificationController.swift */,
				D0C53FCA22342AAD00E72901 /* Assets.xcassets */,
				D0C53FCC22342AAD00E72901 /* Info.plist */,
				D0C53FCD22342AAD00E72901 /* PushNotificationPayload.apns */,
			);
			path = "watch Extension";
			sourceTree = "<group>";
		};
		D0C53FE22234842300E72901 /* Frameworks */ = {
			isa = PBXGroup;
			children = (
			);
			name = Frameworks;
			sourceTree = "<group>";
		};
/* End PBXGroup section */

/* Begin PBXNativeTarget section */
		7E9213451DBBC25C0022AAA4 /* garage */ = {
			isa = PBXNativeTarget;
			buildConfigurationList = 7E92136E1DBBC25D0022AAA4 /* Build configuration list for PBXNativeTarget "garage" */;
			buildPhases = (
				7E9213421DBBC25C0022AAA4 /* Sources */,
				7E9213431DBBC25C0022AAA4 /* Frameworks */,
				7E9213441DBBC25C0022AAA4 /* Resources */,
				D0C53FD822342AAD00E72901 /* Embed Watch Content */,
				D0603043234038C30073F475 /* Embed App Extensions */,
			);
			buildRules = (
			);
			dependencies = (
				D0603041234038C30073F475 /* PBXTargetDependency */,
			);
			name = garage;
			productName = GRGE;
			productReference = 7E9213461DBBC25D0022AAA4 /* garage.app */;
			productType = "com.apple.product-type.application";
		};
		D060303A234038C30073F475 /* GarageIntent */ = {
			isa = PBXNativeTarget;
			buildConfigurationList = D0603046234038C30073F475 /* Build configuration list for PBXNativeTarget "GarageIntent" */;
			buildPhases = (
				D0603037234038C30073F475 /* Sources */,
				D0603038234038C30073F475 /* Frameworks */,
				D0603039234038C30073F475 /* Resources */,
			);
			buildRules = (
			);
			dependencies = (
			);
			name = GarageIntent;
			productName = GarageIntent;
			productReference = D060303B234038C30073F475 /* GarageIntent.appex */;
			productType = "com.apple.product-type.app-extension";
		};
		D0916AA3234192120069689F /* garagewatch */ = {
			isa = PBXNativeTarget;
			buildConfigurationList = D0916ACF234192150069689F /* Build configuration list for PBXNativeTarget "garagewatch" */;
			buildPhases = (
				D0916AA2234192120069689F /* Resources */,
				D0916ACE234192150069689F /* Embed Watch Content */,
			);
			buildRules = (
			);
			dependencies = (
				D0916AAA234192130069689F /* PBXTargetDependency */,
			);
			name = garagewatch;
			productName = garagewatch;
			productReference = D0916AA4234192120069689F /* garagewatch.app */;
			productType = "com.apple.product-type.application.watchapp2-container";
		};
		D0916AA6234192130069689F /* garagewatch WatchKit App */ = {
			isa = PBXNativeTarget;
			buildConfigurationList = D0916ACB234192150069689F /* Build configuration list for PBXNativeTarget "garagewatch WatchKit App" */;
			buildPhases = (
				D0916AA5234192130069689F /* Resources */,
				D0916ACA234192150069689F /* Embed App Extensions */,
			);
			buildRules = (
			);
			dependencies = (
				D0916AB9234192140069689F /* PBXTargetDependency */,
			);
			name = "garagewatch WatchKit App";
			productName = "garagewatch WatchKit App";
			productReference = D0916AA7234192130069689F /* garagewatch WatchKit App.app */;
			productType = "com.apple.product-type.application.watchapp2";
		};
		D0916AB5234192140069689F /* garagewatch WatchKit Extension */ = {
			isa = PBXNativeTarget;
			buildConfigurationList = D0916AC7234192150069689F /* Build configuration list for PBXNativeTarget "garagewatch WatchKit Extension" */;
			buildPhases = (
				D0916AB2234192140069689F /* Sources */,
				D0916AB3234192140069689F /* Frameworks */,
				D0916AB4234192140069689F /* Resources */,
			);
			buildRules = (
			);
			dependencies = (
			);
			name = "garagewatch WatchKit Extension";
			productName = "garagewatch WatchKit Extension";
			productReference = D0916AB6234192140069689F /* garagewatch WatchKit Extension.appex */;
			productType = "com.apple.product-type.watchkit2-extension";
		};
/* End PBXNativeTarget section */

/* Begin PBXProject section */
		7E92133E1DBBC25C0022AAA4 /* Project object */ = {
			isa = PBXProject;
			attributes = {
				LastSwiftUpdateCheck = 1110;
				LastUpgradeCheck = 1000;
				ORGANIZATIONNAME = "Andrew Bonventre";
				TargetAttributes = {
					7E9213451DBBC25C0022AAA4 = {
						CreatedOnToolsVersion = 8.0;
						DevelopmentTeam = U835X2PFE6;
						LastSwiftMigration = 1000;
						ProvisioningStyle = Automatic;
						SystemCapabilities = {
							com.apple.Siri = {
								enabled = 1;
							};
						};
					};
					D060303A234038C30073F475 = {
						CreatedOnToolsVersion = 11.1;
						DevelopmentTeam = U835X2PFE6;
						ProvisioningStyle = Automatic;
					};
					D0916AA3234192120069689F = {
						CreatedOnToolsVersion = 11.1;
						DevelopmentTeam = 2YUR9JB9X3;
						ProvisioningStyle = Automatic;
					};
					D0916AA6234192130069689F = {
						CreatedOnToolsVersion = 11.1;
						DevelopmentTeam = 2YUR9JB9X3;
						ProvisioningStyle = Automatic;
					};
					D0916AB5234192140069689F = {
						CreatedOnToolsVersion = 11.1;
						DevelopmentTeam = 2YUR9JB9X3;
						ProvisioningStyle = Automatic;
					};
				};
			};
			buildConfigurationList = 7E9213411DBBC25C0022AAA4 /* Build configuration list for PBXProject "garage" */;
			compatibilityVersion = "Xcode 3.2";
			developmentRegion = English;
			hasScannedForEncodings = 0;
			knownRegions = (
				English,
				en,
				Base,
			);
			mainGroup = 7E92133D1DBBC25C0022AAA4;
			productRefGroup = 7E9213471DBBC25D0022AAA4 /* Products */;
			projectDirPath = "";
			projectRoot = "";
			targets = (
				7E9213451DBBC25C0022AAA4 /* garage */,
				D060303A234038C30073F475 /* GarageIntent */,
				D0916AA3234192120069689F /* garagewatch */,
				D0916AA6234192130069689F /* garagewatch WatchKit App */,
				D0916AB5234192140069689F /* garagewatch WatchKit Extension */,
			);
		};
/* End PBXProject section */

/* Begin PBXResourcesBuildPhase section */
		7E9213441DBBC25C0022AAA4 /* Resources */ = {
			isa = PBXResourcesBuildPhase;
			buildActionMask = 2147483647;
			files = (
				7E9213541DBBC25D0022AAA4 /* LaunchScreen.storyboard in Resources */,
				7E9213511DBBC25D0022AAA4 /* Assets.xcassets in Resources */,
				7E92134F1DBBC25D0022AAA4 /* Main.storyboard in Resources */,
				7EC40A3F1DBBCE1D00CAA547 /* gears.png in Resources */,
				7EC40A401DBBCE1D00CAA547 /* gears@2x.png in Resources */,
			);
			runOnlyForDeploymentPostprocessing = 0;
		};
		D0603039234038C30073F475 /* Resources */ = {
			isa = PBXResourcesBuildPhase;
			buildActionMask = 2147483647;
			files = (
			);
			runOnlyForDeploymentPostprocessing = 0;
		};
		D0916AA2234192120069689F /* Resources */ = {
			isa = PBXResourcesBuildPhase;
			buildActionMask = 2147483647;
			files = (
			);
			runOnlyForDeploymentPostprocessing = 0;
		};
		D0916AA5234192130069689F /* Resources */ = {
			isa = PBXResourcesBuildPhase;
			buildActionMask = 2147483647;
			files = (
				D0916AB0234192140069689F /* Assets.xcassets in Resources */,
				D0916AAE234192130069689F /* Interface.storyboard in Resources */,
			);
			runOnlyForDeploymentPostprocessing = 0;
		};
		D0916AB4234192140069689F /* Resources */ = {
			isa = PBXResourcesBuildPhase;
			buildActionMask = 2147483647;
			files = (
				D0916AC5234192150069689F /* Preview Assets.xcassets in Resources */,
				D0916AC2234192150069689F /* Assets.xcassets in Resources */,
			);
			runOnlyForDeploymentPostprocessing = 0;
		};
/* End PBXResourcesBuildPhase section */

/* Begin PBXSourcesBuildPhase section */
		7E9213421DBBC25C0022AAA4 /* Sources */ = {
			isa = PBXSourcesBuildPhase;
			buildActionMask = 2147483647;
			files = (
				7E92134C1DBBC25D0022AAA4 /* MainViewController.swift in Sources */,
				7E92134A1DBBC25D0022AAA4 /* AppDelegate.swift in Sources */,
				7EC40A4B1DBBD18C00CAA547 /* SettingsViewController.swift in Sources */,
				D060304C23403AA90073F475 /* GarageIntentHandler.swift in Sources */,
				D060304B23403A420073F475 /* Intents.intentdefinition in Sources */,
				D0C53FDA22342C6700E72901 /* GarageAPI.swift in Sources */,
			);
			runOnlyForDeploymentPostprocessing = 0;
		};
		D0603037234038C30073F475 /* Sources */ = {
			isa = PBXSourcesBuildPhase;
			buildActionMask = 2147483647;
			files = (
				D060304A234039A80073F475 /* GarageIntentHandler.swift in Sources */,
				D0603048234038D60073F475 /* Intents.intentdefinition in Sources */,
				D060303E234038C30073F475 /* IntentHandler.swift in Sources */,
				D0A70C5423412CC9007F7610 /* GarageAPI.swift in Sources */,
			);
			runOnlyForDeploymentPostprocessing = 0;
		};
		D0916AB2234192140069689F /* Sources */ = {
			isa = PBXSourcesBuildPhase;
			buildActionMask = 2147483647;
			files = (
				D0916ABE234192140069689F /* HostingController.swift in Sources */,
				D0916ABC234192140069689F /* ContentView.swift in Sources */,
				D0916AC0234192140069689F /* ExtensionDelegate.swift in Sources */,
				D0916AD2234192E40069689F /* GarageAPI.swift in Sources */,
			);
			runOnlyForDeploymentPostprocessing = 0;
		};
/* End PBXSourcesBuildPhase section */

/* Begin PBXTargetDependency section */
		D0603041234038C30073F475 /* PBXTargetDependency */ = {
			isa = PBXTargetDependency;
			target = D060303A234038C30073F475 /* GarageIntent */;
			targetProxy = D0603040234038C30073F475 /* PBXContainerItemProxy */;
		};
		D0916AAA234192130069689F /* PBXTargetDependency */ = {
			isa = PBXTargetDependency;
			target = D0916AA6234192130069689F /* garagewatch WatchKit App */;
			targetProxy = D0916AA9234192130069689F /* PBXContainerItemProxy */;
		};
		D0916AB9234192140069689F /* PBXTargetDependency */ = {
			isa = PBXTargetDependency;
			target = D0916AB5234192140069689F /* garagewatch WatchKit Extension */;
			targetProxy = D0916AB8234192140069689F /* PBXContainerItemProxy */;
		};
/* End PBXTargetDependency section */

/* Begin PBXVariantGroup section */
		7E92134D1DBBC25D0022AAA4 /* Main.storyboard */ = {
			isa = PBXVariantGroup;
			children = (
				7E92134E1DBBC25D0022AAA4 /* Base */,
			);
			name = Main.storyboard;
			sourceTree = "<group>";
		};
		7E9213521DBBC25D0022AAA4 /* LaunchScreen.storyboard */ = {
			isa = PBXVariantGroup;
			children = (
				7E9213531DBBC25D0022AAA4 /* Base */,
			);
			name = LaunchScreen.storyboard;
			sourceTree = "<group>";
		};
		D0916AAC234192130069689F /* Interface.storyboard */ = {
			isa = PBXVariantGroup;
			children = (
				D0916AAD234192130069689F /* Base */,
			);
			name = Interface.storyboard;
			sourceTree = "<group>";
		};
		D0C53FB522342AAC00E72901 /* Interface.storyboard */ = {
			isa = PBXVariantGroup;
			children = (
				D0C53FB622342AAC00E72901 /* Base */,
			);
			name = Interface.storyboard;
			sourceTree = "<group>";
		};
/* End PBXVariantGroup section */

/* Begin XCBuildConfiguration section */
		7E92136C1DBBC25D0022AAA4 /* Debug */ = {
			isa = XCBuildConfiguration;
			buildSettings = {
				ALWAYS_SEARCH_USER_PATHS = NO;
				CLANG_ANALYZER_NONNULL = YES;
				CLANG_CXX_LANGUAGE_STANDARD = "gnu++0x";
				CLANG_CXX_LIBRARY = "libc++";
				CLANG_ENABLE_MODULES = YES;
				CLANG_ENABLE_OBJC_ARC = YES;
				CLANG_WARN_BLOCK_CAPTURE_AUTORELEASING = YES;
				CLANG_WARN_BOOL_CONVERSION = YES;
				CLANG_WARN_COMMA = YES;
				CLANG_WARN_CONSTANT_CONVERSION = YES;
				CLANG_WARN_DEPRECATED_OBJC_IMPLEMENTATIONS = YES;
				CLANG_WARN_DIRECT_OBJC_ISA_USAGE = YES_ERROR;
				CLANG_WARN_DOCUMENTATION_COMMENTS = YES;
				CLANG_WARN_EMPTY_BODY = YES;
				CLANG_WARN_ENUM_CONVERSION = YES;
				CLANG_WARN_INFINITE_RECURSION = YES;
				CLANG_WARN_INT_CONVERSION = YES;
				CLANG_WARN_NON_LITERAL_NULL_CONVERSION = YES;
				CLANG_WARN_OBJC_IMPLICIT_RETAIN_SELF = YES;
				CLANG_WARN_OBJC_LITERAL_CONVERSION = YES;
				CLANG_WARN_OBJC_ROOT_CLASS = YES_ERROR;
				CLANG_WARN_RANGE_LOOP_ANALYSIS = YES;
				CLANG_WARN_STRICT_PROTOTYPES = YES;
				CLANG_WARN_SUSPICIOUS_MOVE = YES;
				CLANG_WARN_SUSPICIOUS_MOVES = YES;
				CLANG_WARN_UNREACHABLE_CODE = YES;
				CLANG_WARN__DUPLICATE_METHOD_MATCH = YES;
				"CODE_SIGN_IDENTITY[sdk=iphoneos*]" = "iPhone Developer";
				COPY_PHASE_STRIP = NO;
				DEBUG_INFORMATION_FORMAT = dwarf;
				ENABLE_STRICT_OBJC_MSGSEND = YES;
				ENABLE_TESTABILITY = YES;
				GCC_C_LANGUAGE_STANDARD = gnu99;
				GCC_DYNAMIC_NO_PIC = NO;
				GCC_NO_COMMON_BLOCKS = YES;
				GCC_OPTIMIZATION_LEVEL = 0;
				GCC_PREPROCESSOR_DEFINITIONS = (
					"DEBUG=1",
					"$(inherited)",
				);
				GCC_WARN_64_TO_32_BIT_CONVERSION = YES;
				GCC_WARN_ABOUT_RETURN_TYPE = YES_ERROR;
				GCC_WARN_UNDECLARED_SELECTOR = YES;
				GCC_WARN_UNINITIALIZED_AUTOS = YES_AGGRESSIVE;
				GCC_WARN_UNUSED_FUNCTION = YES;
				GCC_WARN_UNUSED_VARIABLE = YES;
				IPHONEOS_DEPLOYMENT_TARGET = 11.0;
				MTL_ENABLE_DEBUG_INFO = YES;
				ONLY_ACTIVE_ARCH = YES;
				SDKROOT = iphoneos;
				SWIFT_ACTIVE_COMPILATION_CONDITIONS = DEBUG;
				SWIFT_OPTIMIZATION_LEVEL = "-Onone";
				TARGETED_DEVICE_FAMILY = "1,2";
			};
			name = Debug;
		};
		7E92136D1DBBC25D0022AAA4 /* Release */ = {
			isa = XCBuildConfiguration;
			buildSettings = {
				ALWAYS_SEARCH_USER_PATHS = NO;
				CLANG_ANALYZER_NONNULL = YES;
				CLANG_CXX_LANGUAGE_STANDARD = "gnu++0x";
				CLANG_CXX_LIBRARY = "libc++";
				CLANG_ENABLE_MODULES = YES;
				CLANG_ENABLE_OBJC_ARC = YES;
				CLANG_WARN_BLOCK_CAPTURE_AUTORELEASING = YES;
				CLANG_WARN_BOOL_CONVERSION = YES;
				CLANG_WARN_COMMA = YES;
				CLANG_WARN_CONSTANT_CONVERSION = YES;
				CLANG_WARN_DEPRECATED_OBJC_IMPLEMENTATIONS = YES;
				CLANG_WARN_DIRECT_OBJC_ISA_USAGE = YES_ERROR;
				CLANG_WARN_DOCUMENTATION_COMMENTS = YES;
				CLANG_WARN_EMPTY_BODY = YES;
				CLANG_WARN_ENUM_CONVERSION = YES;
				CLANG_WARN_INFINITE_RECURSION = YES;
				CLANG_WARN_INT_CONVERSION = YES;
				CLANG_WARN_NON_LITERAL_NULL_CONVERSION = YES;
				CLANG_WARN_OBJC_IMPLICIT_RETAIN_SELF = YES;
				CLANG_WARN_OBJC_LITERAL_CONVERSION = YES;
				CLANG_WARN_OBJC_ROOT_CLASS = YES_ERROR;
				CLANG_WARN_RANGE_LOOP_ANALYSIS = YES;
				CLANG_WARN_STRICT_PROTOTYPES = YES;
				CLANG_WARN_SUSPICIOUS_MOVE = YES;
				CLANG_WARN_SUSPICIOUS_MOVES = YES;
				CLANG_WARN_UNREACHABLE_CODE = YES;
				CLANG_WARN__DUPLICATE_METHOD_MATCH = YES;
				"CODE_SIGN_IDENTITY[sdk=iphoneos*]" = "iPhone Developer";
				COPY_PHASE_STRIP = NO;
				DEBUG_INFORMATION_FORMAT = "dwarf-with-dsym";
				ENABLE_NS_ASSERTIONS = NO;
				ENABLE_STRICT_OBJC_MSGSEND = YES;
				GCC_C_LANGUAGE_STANDARD = gnu99;
				GCC_NO_COMMON_BLOCKS = YES;
				GCC_WARN_64_TO_32_BIT_CONVERSION = YES;
				GCC_WARN_ABOUT_RETURN_TYPE = YES_ERROR;
				GCC_WARN_UNDECLARED_SELECTOR = YES;
				GCC_WARN_UNINITIALIZED_AUTOS = YES_AGGRESSIVE;
				GCC_WARN_UNUSED_FUNCTION = YES;
				GCC_WARN_UNUSED_VARIABLE = YES;
				IPHONEOS_DEPLOYMENT_TARGET = 11.0;
				MTL_ENABLE_DEBUG_INFO = NO;
				SDKROOT = iphoneos;
				SWIFT_OPTIMIZATION_LEVEL = "-Owholemodule";
				TARGETED_DEVICE_FAMILY = "1,2";
				VALIDATE_PRODUCT = YES;
			};
			name = Release;
		};
		7E92136F1DBBC25D0022AAA4 /* Debug */ = {
			isa = XCBuildConfiguration;
			buildSettings = {
				ALWAYS_EMBED_SWIFT_STANDARD_LIBRARIES = YES;
				ASSETCATALOG_COMPILER_APPICON_NAME = AppIcon;
				CODE_SIGN_ENTITLEMENTS = garage.entitlements;
				DEVELOPMENT_TEAM = U835X2PFE6;
				FRAMEWORK_SEARCH_PATHS = (
					"$(inherited)",
					"$(PROJECT_DIR)/Carthage/Build/iOS",
					"$(PROJECT_DIR)/Carthage/Build/watchOS",
				);
				INFOPLIST_FILE = GRGE/Info.plist;
				IPHONEOS_DEPLOYMENT_TARGET = 13.0;
				LD_RUNPATH_SEARCH_PATHS = "$(inherited) @executable_path/Frameworks";
				PRODUCT_BUNDLE_IDENTIFIER = name.nickoneill.GRGE;
				PRODUCT_NAME = "$(TARGET_NAME)";
				SWIFT_OBJC_BRIDGING_HEADER = "GRGE/GRGE-Bridging-Header.h";
				SWIFT_VERSION = 4.2;
			};
			name = Debug;
		};
		7E9213701DBBC25D0022AAA4 /* Release */ = {
			isa = XCBuildConfiguration;
			buildSettings = {
				ALWAYS_EMBED_SWIFT_STANDARD_LIBRARIES = YES;
				ASSETCATALOG_COMPILER_APPICON_NAME = AppIcon;
				CODE_SIGN_ENTITLEMENTS = garage.entitlements;
				DEVELOPMENT_TEAM = U835X2PFE6;
				FRAMEWORK_SEARCH_PATHS = (
					"$(inherited)",
					"$(PROJECT_DIR)/Carthage/Build/iOS",
					"$(PROJECT_DIR)/Carthage/Build/watchOS",
				);
				INFOPLIST_FILE = GRGE/Info.plist;
				IPHONEOS_DEPLOYMENT_TARGET = 13.0;
				LD_RUNPATH_SEARCH_PATHS = "$(inherited) @executable_path/Frameworks";
				PRODUCT_BUNDLE_IDENTIFIER = name.nickoneill.GRGE;
				PRODUCT_NAME = "$(TARGET_NAME)";
				SWIFT_OBJC_BRIDGING_HEADER = "GRGE/GRGE-Bridging-Header.h";
				SWIFT_VERSION = 4.2;
			};
			name = Release;
		};
		D0603044234038C30073F475 /* Debug */ = {
			isa = XCBuildConfiguration;
			buildSettings = {
				CLANG_ANALYZER_NUMBER_OBJECT_CONVERSION = YES_AGGRESSIVE;
				CLANG_CXX_LANGUAGE_STANDARD = "gnu++14";
				CLANG_ENABLE_OBJC_WEAK = YES;
				CLANG_WARN_UNGUARDED_AVAILABILITY = YES_AGGRESSIVE;
				CODE_SIGN_ENTITLEMENTS = GarageIntent/GarageIntent.entitlements;
				CODE_SIGN_STYLE = Automatic;
				DEVELOPMENT_TEAM = U835X2PFE6;
				FRAMEWORK_SEARCH_PATHS = (
					"$(inherited)",
					"$(PROJECT_DIR)/Carthage/Build/iOS",
				);
				GCC_C_LANGUAGE_STANDARD = gnu11;
				INFOPLIST_FILE = GarageIntent/Info.plist;
				IPHONEOS_DEPLOYMENT_TARGET = 13.1;
				LD_RUNPATH_SEARCH_PATHS = "$(inherited) @executable_path/Frameworks @executable_path/../../Frameworks";
				MTL_ENABLE_DEBUG_INFO = INCLUDE_SOURCE;
				MTL_FAST_MATH = YES;
				PRODUCT_BUNDLE_IDENTIFIER = name.nickoneill.GRGE.GarageIntent;
				PRODUCT_NAME = "$(TARGET_NAME)";
				SKIP_INSTALL = YES;
				SWIFT_VERSION = 5.0;
				TARGETED_DEVICE_FAMILY = "1,2";
			};
			name = Debug;
		};
		D0603045234038C30073F475 /* Release */ = {
			isa = XCBuildConfiguration;
			buildSettings = {
				CLANG_ANALYZER_NUMBER_OBJECT_CONVERSION = YES_AGGRESSIVE;
				CLANG_CXX_LANGUAGE_STANDARD = "gnu++14";
				CLANG_ENABLE_OBJC_WEAK = YES;
				CLANG_WARN_UNGUARDED_AVAILABILITY = YES_AGGRESSIVE;
				CODE_SIGN_ENTITLEMENTS = GarageIntent/GarageIntent.entitlements;
				CODE_SIGN_STYLE = Automatic;
				DEVELOPMENT_TEAM = U835X2PFE6;
				FRAMEWORK_SEARCH_PATHS = (
					"$(inherited)",
					"$(PROJECT_DIR)/Carthage/Build/iOS",
				);
				GCC_C_LANGUAGE_STANDARD = gnu11;
				INFOPLIST_FILE = GarageIntent/Info.plist;
				IPHONEOS_DEPLOYMENT_TARGET = 13.1;
				LD_RUNPATH_SEARCH_PATHS = "$(inherited) @executable_path/Frameworks @executable_path/../../Frameworks";
				MTL_FAST_MATH = YES;
				PRODUCT_BUNDLE_IDENTIFIER = name.nickoneill.GRGE.GarageIntent;
				PRODUCT_NAME = "$(TARGET_NAME)";
				SKIP_INSTALL = YES;
				SWIFT_VERSION = 5.0;
				TARGETED_DEVICE_FAMILY = "1,2";
			};
			name = Release;
		};
		D0916AC8234192150069689F /* Debug */ = {
			isa = XCBuildConfiguration;
			buildSettings = {
				ASSETCATALOG_COMPILER_COMPLICATION_NAME = Complication;
				CLANG_ANALYZER_NUMBER_OBJECT_CONVERSION = YES_AGGRESSIVE;
				CLANG_CXX_LANGUAGE_STANDARD = "gnu++14";
				CLANG_ENABLE_OBJC_WEAK = YES;
				CLANG_WARN_UNGUARDED_AVAILABILITY = YES_AGGRESSIVE;
				CODE_SIGN_STYLE = Automatic;
				DEVELOPMENT_ASSET_PATHS = "\"garagewatch WatchKit Extension/Preview Content\"";
				DEVELOPMENT_TEAM = 2YUR9JB9X3;
				ENABLE_PREVIEWS = YES;
				GCC_C_LANGUAGE_STANDARD = gnu11;
				INFOPLIST_FILE = "garagewatch WatchKit Extension/Info.plist";
				LD_RUNPATH_SEARCH_PATHS = "$(inherited) @executable_path/Frameworks @executable_path/../../Frameworks";
				MTL_ENABLE_DEBUG_INFO = INCLUDE_SOURCE;
				MTL_FAST_MATH = YES;
				PRODUCT_BUNDLE_IDENTIFIER = name.nickoneill.garagewatch.watchkitapp.watchkitextension;
				PRODUCT_NAME = "${TARGET_NAME}";
				SDKROOT = watchos;
				SKIP_INSTALL = YES;
				SWIFT_VERSION = 5.0;
				TARGETED_DEVICE_FAMILY = 4;
				WATCHOS_DEPLOYMENT_TARGET = 6.0;
			};
			name = Debug;
		};
		D0916AC9234192150069689F /* Release */ = {
			isa = XCBuildConfiguration;
			buildSettings = {
				ASSETCATALOG_COMPILER_COMPLICATION_NAME = Complication;
				CLANG_ANALYZER_NUMBER_OBJECT_CONVERSION = YES_AGGRESSIVE;
				CLANG_CXX_LANGUAGE_STANDARD = "gnu++14";
				CLANG_ENABLE_OBJC_WEAK = YES;
				CLANG_WARN_UNGUARDED_AVAILABILITY = YES_AGGRESSIVE;
				CODE_SIGN_STYLE = Automatic;
				DEVELOPMENT_ASSET_PATHS = "\"garagewatch WatchKit Extension/Preview Content\"";
				DEVELOPMENT_TEAM = 2YUR9JB9X3;
				ENABLE_PREVIEWS = YES;
				GCC_C_LANGUAGE_STANDARD = gnu11;
				INFOPLIST_FILE = "garagewatch WatchKit Extension/Info.plist";
				LD_RUNPATH_SEARCH_PATHS = "$(inherited) @executable_path/Frameworks @executable_path/../../Frameworks";
				MTL_FAST_MATH = YES;
				PRODUCT_BUNDLE_IDENTIFIER = name.nickoneill.garagewatch.watchkitapp.watchkitextension;
				PRODUCT_NAME = "${TARGET_NAME}";
				SDKROOT = watchos;
				SKIP_INSTALL = YES;
				SWIFT_VERSION = 5.0;
				TARGETED_DEVICE_FAMILY = 4;
				WATCHOS_DEPLOYMENT_TARGET = 6.0;
			};
			name = Release;
		};
		D0916ACC234192150069689F /* Debug */ = {
			isa = XCBuildConfiguration;
			buildSettings = {
				ALWAYS_EMBED_SWIFT_STANDARD_LIBRARIES = YES;
				ASSETCATALOG_COMPILER_APPICON_NAME = AppIcon;
				CLANG_ANALYZER_NUMBER_OBJECT_CONVERSION = YES_AGGRESSIVE;
				CLANG_CXX_LANGUAGE_STANDARD = "gnu++14";
				CLANG_ENABLE_OBJC_WEAK = YES;
				CLANG_WARN_UNGUARDED_AVAILABILITY = YES_AGGRESSIVE;
				CODE_SIGN_STYLE = Automatic;
				DEVELOPMENT_TEAM = 2YUR9JB9X3;
				GCC_C_LANGUAGE_STANDARD = gnu11;
				IBSC_MODULE = garagewatch_WatchKit_Extension;
				INFOPLIST_FILE = "garagewatch WatchKit App/Info.plist";
				MTL_ENABLE_DEBUG_INFO = INCLUDE_SOURCE;
				MTL_FAST_MATH = YES;
				PRODUCT_BUNDLE_IDENTIFIER = name.nickoneill.garagewatch.watchkitapp;
				PRODUCT_NAME = "$(TARGET_NAME)";
				SDKROOT = watchos;
				SKIP_INSTALL = YES;
				SWIFT_VERSION = 5.0;
				TARGETED_DEVICE_FAMILY = 4;
				WATCHOS_DEPLOYMENT_TARGET = 6.0;
			};
			name = Debug;
		};
		D0916ACD234192150069689F /* Release */ = {
			isa = XCBuildConfiguration;
			buildSettings = {
				ALWAYS_EMBED_SWIFT_STANDARD_LIBRARIES = YES;
				ASSETCATALOG_COMPILER_APPICON_NAME = AppIcon;
				CLANG_ANALYZER_NUMBER_OBJECT_CONVERSION = YES_AGGRESSIVE;
				CLANG_CXX_LANGUAGE_STANDARD = "gnu++14";
				CLANG_ENABLE_OBJC_WEAK = YES;
				CLANG_WARN_UNGUARDED_AVAILABILITY = YES_AGGRESSIVE;
				CODE_SIGN_STYLE = Automatic;
				DEVELOPMENT_TEAM = 2YUR9JB9X3;
				GCC_C_LANGUAGE_STANDARD = gnu11;
				IBSC_MODULE = garagewatch_WatchKit_Extension;
				INFOPLIST_FILE = "garagewatch WatchKit App/Info.plist";
				MTL_FAST_MATH = YES;
				PRODUCT_BUNDLE_IDENTIFIER = name.nickoneill.garagewatch.watchkitapp;
				PRODUCT_NAME = "$(TARGET_NAME)";
				SDKROOT = watchos;
				SKIP_INSTALL = YES;
				SWIFT_VERSION = 5.0;
				TARGETED_DEVICE_FAMILY = 4;
				WATCHOS_DEPLOYMENT_TARGET = 6.0;
			};
			name = Release;
		};
		D0916AD0234192150069689F /* Debug */ = {
			isa = XCBuildConfiguration;
			buildSettings = {
				CLANG_ANALYZER_NUMBER_OBJECT_CONVERSION = YES_AGGRESSIVE;
				CLANG_CXX_LANGUAGE_STANDARD = "gnu++14";
				CLANG_ENABLE_OBJC_WEAK = YES;
				CLANG_WARN_UNGUARDED_AVAILABILITY = YES_AGGRESSIVE;
				CODE_SIGN_STYLE = Automatic;
				CURRENT_PROJECT_VERSION = 1;
				DEVELOPMENT_TEAM = 2YUR9JB9X3;
				GCC_C_LANGUAGE_STANDARD = gnu11;
				MARKETING_VERSION = 1.0;
				MTL_ENABLE_DEBUG_INFO = INCLUDE_SOURCE;
				MTL_FAST_MATH = YES;
				PRODUCT_BUNDLE_IDENTIFIER = name.nickoneill.garagewatch;
				PRODUCT_NAME = "$(TARGET_NAME)";
				SWIFT_VERSION = 5.0;
			};
			name = Debug;
		};
		D0916AD1234192150069689F /* Release */ = {
			isa = XCBuildConfiguration;
			buildSettings = {
				CLANG_ANALYZER_NUMBER_OBJECT_CONVERSION = YES_AGGRESSIVE;
				CLANG_CXX_LANGUAGE_STANDARD = "gnu++14";
				CLANG_ENABLE_OBJC_WEAK = YES;
				CLANG_WARN_UNGUARDED_AVAILABILITY = YES_AGGRESSIVE;
				CODE_SIGN_STYLE = Automatic;
				CURRENT_PROJECT_VERSION = 1;
				DEVELOPMENT_TEAM = 2YUR9JB9X3;
				GCC_C_LANGUAGE_STANDARD = gnu11;
				MARKETING_VERSION = 1.0;
				MTL_FAST_MATH = YES;
				PRODUCT_BUNDLE_IDENTIFIER = name.nickoneill.garagewatch;
				PRODUCT_NAME = "$(TARGET_NAME)";
				SWIFT_VERSION = 5.0;
			};
			name = Release;
		};
/* End XCBuildConfiguration section */

/* Begin XCConfigurationList section */
		7E9213411DBBC25C0022AAA4 /* Build configuration list for PBXProject "garage" */ = {
			isa = XCConfigurationList;
			buildConfigurations = (
				7E92136C1DBBC25D0022AAA4 /* Debug */,
				7E92136D1DBBC25D0022AAA4 /* Release */,
			);
			defaultConfigurationIsVisible = 0;
			defaultConfigurationName = Release;
		};
		7E92136E1DBBC25D0022AAA4 /* Build configuration list for PBXNativeTarget "garage" */ = {
			isa = XCConfigurationList;
			buildConfigurations = (
				7E92136F1DBBC25D0022AAA4 /* Debug */,
				7E9213701DBBC25D0022AAA4 /* Release */,
			);
			defaultConfigurationIsVisible = 0;
			defaultConfigurationName = Release;
		};
		D0603046234038C30073F475 /* Build configuration list for PBXNativeTarget "GarageIntent" */ = {
			isa = XCConfigurationList;
			buildConfigurations = (
				D0603044234038C30073F475 /* Debug */,
				D0603045234038C30073F475 /* Release */,
			);
			defaultConfigurationIsVisible = 0;
			defaultConfigurationName = Release;
		};
		D0916AC7234192150069689F /* Build configuration list for PBXNativeTarget "garagewatch WatchKit Extension" */ = {
			isa = XCConfigurationList;
			buildConfigurations = (
				D0916AC8234192150069689F /* Debug */,
				D0916AC9234192150069689F /* Release */,
			);
			defaultConfigurationIsVisible = 0;
			defaultConfigurationName = Release;
		};
		D0916ACB234192150069689F /* Build configuration list for PBXNativeTarget "garagewatch WatchKit App" */ = {
			isa = XCConfigurationList;
			buildConfigurations = (
				D0916ACC234192150069689F /* Debug */,
				D0916ACD234192150069689F /* Release */,
			);
			defaultConfigurationIsVisible = 0;
			defaultConfigurationName = Release;
		};
		D0916ACF234192150069689F /* Build configuration list for PBXNativeTarget "garagewatch" */ = {
			isa = XCConfigurationList;
			buildConfigurations = (
				D0916AD0234192150069689F /* Debug */,
				D0916AD1234192150069689F /* Release */,
			);
			defaultConfigurationIsVisible = 0;
			defaultConfigurationName = Release;
		};
/* End XCConfigurationList section */
	};
	rootObject = 7E92133E1DBBC25C0022AAA4 /* Project object */;
}
